
Microsoft Visual Studio Solution File, Format Version 12.00
# Visual Studio Version 16
VisualStudioVersion = 16.0.35931.194
MinimumVisualStudioVersion = 10.0.40219.1
Project("{FAE04EC0-301F-11D3-BF4B-00C04F79EFBC}") = "YazOkuluDersler", "YazOkuluDersler\YazOkuluDersler.csproj", "{ECCB2147-4EE6-49B1-B1C8-DC0197EDE8CC}"
EndProject
Project("{FAE04EC0-301F-11D3-BF4B-00C04F79EFBC}") = "EntityLayer", "EntityLayer\EntityLayer.csproj", "{BF34532A-A4B2-4719-A0DB-6094AECCD162}"
EndProject
Global
	GlobalSection(SolutionConfigurationPlatforms) = preSolution
		Debug|Any CPU = Debug|Any CPU
		Release|Any CPU = Release|Any CPU
	EndGlobalSection
	GlobalSection(ProjectConfigurationPlatforms) = postSolution
		{ECCB2147-4EE6-49B1-B1C8-DC0197EDE8CC}.Debug|Any CPU.ActiveCfg = Debug|Any CPU
		{ECCB2147-4EE6-49B1-B1C8-DC0197EDE8CC}.Debug|Any CPU.Build.0 = Debug|Any CPU
		{ECCB2147-4EE6-49B1-B1C8-DC0197EDE8CC}.Release|Any CPU.ActiveCfg = Release|Any CPU
		{ECCB2147-4EE6-49B1-B1C8-DC0197EDE8CC}.Release|Any CPU.Build.0 = Release|Any CPU
		{BF34532A-A4B2-4719-A0DB-6094AECCD162}.Debug|Any CPU.ActiveCfg = Debug|Any CPU
		{BF34532A-A4B2-4719-A0DB-6094AECCD162}.Debug|Any CPU.Build.0 = Debug|Any CPU
		{BF34532A-A4B2-4719-A0DB-6094AECCD162}.Release|Any CPU.ActiveCfg = Release|Any CPU
		{BF34532A-A4B2-4719-A0DB-6094AECCD162}.Release|Any CPU.Build.0 = Release|Any CPU
	EndGlobalSection
	GlobalSection(SolutionProperties) = preSolution
		HideSolutionNode = FALSE
	EndGlobalSection
	GlobalSection(ExtensibilityGlobals) = postSolution
		SolutionGuid = {BF7B3475-2A93-4D01-BCCB-F36FFE2AD68D}
	EndGlobalSection
EndGlobal
